
Microsoft Visual Studio Solution File, Format Version 12.00
# Visual Studio 2012
Project("{FAE04EC0-301F-11D3-BF4B-00C04F79EFBC}") = "prj666vc", "prj666vc\prj666vc.csproj", "{6EF59977-957A-4AEA-9C47-E25F5B328605}"
EndProject
Project("{FAE04EC0-301F-11D3-BF4B-00C04F79EFBC}") = "prj666vc.Tests", "prj666vc.Tests\prj666vc.Tests.csproj", "{5B3E6A27-4D4C-4A79-AD31-781506704DE1}"
EndProject
Global
	GlobalSection(SolutionConfigurationPlatforms) = preSolution
		Debug|Any CPU = Debug|Any CPU
		Release|Any CPU = Release|Any CPU
	EndGlobalSection
	GlobalSection(ProjectConfigurationPlatforms) = postSolution
		{6EF59977-957A-4AEA-9C47-E25F5B328605}.Debug|Any CPU.ActiveCfg = Debug|Any CPU
		{6EF59977-957A-4AEA-9C47-E25F5B328605}.Debug|Any CPU.Build.0 = Debug|Any CPU
		{6EF59977-957A-4AEA-9C47-E25F5B328605}.Release|Any CPU.ActiveCfg = Release|Any CPU
		{6EF59977-957A-4AEA-9C47-E25F5B328605}.Release|Any CPU.Build.0 = Release|Any CPU
		{5B3E6A27-4D4C-4A79-AD31-781506704DE1}.Debug|Any CPU.ActiveCfg = Debug|Any CPU
		{5B3E6A27-4D4C-4A79-AD31-781506704DE1}.Debug|Any CPU.Build.0 = Debug|Any CPU
		{5B3E6A27-4D4C-4A79-AD31-781506704DE1}.Release|Any CPU.ActiveCfg = Release|Any CPU
		{5B3E6A27-4D4C-4A79-AD31-781506704DE1}.Release|Any CPU.Build.0 = Release|Any CPU
	EndGlobalSection
	GlobalSection(SolutionProperties) = preSolution
		HideSolutionNode = FALSE
	EndGlobalSection
EndGlobal
